
Microsoft Visual Studio Solution File, Format Version 12.00
# Visual Studio Version 16
VisualStudioVersion = 16.0.31112.23
MinimumVisualStudioVersion = 10.0.40219.1
Project("{FAE04EC0-301F-11D3-BF4B-00C04F79EFBC}") = "HjaelpTilLoneOpgave", "HjaelpTilLoneOpgave\HjaelpTilLoneOpgave.csproj", "{41A1DCE9-0683-4626-A8C4-863F6FAFD9A2}"
EndProject
Global
	GlobalSection(SolutionConfigurationPlatforms) = preSolution
		Debug|Any CPU = Debug|Any CPU
		Release|Any CPU = Release|Any CPU
	EndGlobalSection
	GlobalSection(ProjectConfigurationPlatforms) = postSolution
		{41A1DCE9-0683-4626-A8C4-863F6FAFD9A2}.Debug|Any CPU.ActiveCfg = Debug|Any CPU
		{41A1DCE9-0683-4626-A8C4-863F6FAFD9A2}.Debug|Any CPU.Build.0 = Debug|Any CPU
		{41A1DCE9-0683-4626-A8C4-863F6FAFD9A2}.Release|Any CPU.ActiveCfg = Release|Any CPU
		{41A1DCE9-0683-4626-A8C4-863F6FAFD9A2}.Release|Any CPU.Build.0 = Release|Any CPU
	EndGlobalSection
	GlobalSection(SolutionProperties) = preSolution
		HideSolutionNode = FALSE
	EndGlobalSection
	GlobalSection(ExtensibilityGlobals) = postSolution
		SolutionGuid = {35C2DA28-6A45-4FF1-B7F4-9FC00C753FDF}
	EndGlobalSection
EndGlobal
